
Microsoft Visual Studio Solution File, Format Version 12.00
# Visual Studio Version 17
VisualStudioVersion = 17.8.34330.188
MinimumVisualStudioVersion = 10.0.40219.1
Project("{FAE04EC0-301F-11D3-BF4B-00C04F79EFBC}") = "Lesson1_Ado.Net_15.01.2024", "Lesson1_Ado.Net_15.01.2024\Lesson1_Ado.Net_15.01.2024.csproj", "{503934DD-42CA-4A4F-999C-1C1D501D9D7C}"
EndProject
Project("{FAE04EC0-301F-11D3-BF4B-00C04F79EFBC}") = "Task_1", "Task_1\Task_1.csproj", "{77EE80B3-79A8-4686-8B52-692F526169F8}"
EndProject
Global
	GlobalSection(SolutionConfigurationPlatforms) = preSolution
		Debug|Any CPU = Debug|Any CPU
		Release|Any CPU = Release|Any CPU
	EndGlobalSection
	GlobalSection(ProjectConfigurationPlatforms) = postSolution
		{503934DD-42CA-4A4F-999C-1C1D501D9D7C}.Debug|Any CPU.ActiveCfg = Debug|Any CPU
		{503934DD-42CA-4A4F-999C-1C1D501D9D7C}.Debug|Any CPU.Build.0 = Debug|Any CPU
		{503934DD-42CA-4A4F-999C-1C1D501D9D7C}.Release|Any CPU.ActiveCfg = Release|Any CPU
		{503934DD-42CA-4A4F-999C-1C1D501D9D7C}.Release|Any CPU.Build.0 = Release|Any CPU
		{77EE80B3-79A8-4686-8B52-692F526169F8}.Debug|Any CPU.ActiveCfg = Debug|Any CPU
		{77EE80B3-79A8-4686-8B52-692F526169F8}.Debug|Any CPU.Build.0 = Debug|Any CPU
		{77EE80B3-79A8-4686-8B52-692F526169F8}.Release|Any CPU.ActiveCfg = Release|Any CPU
		{77EE80B3-79A8-4686-8B52-692F526169F8}.Release|Any CPU.Build.0 = Release|Any CPU
	EndGlobalSection
	GlobalSection(SolutionProperties) = preSolution
		HideSolutionNode = FALSE
	EndGlobalSection
	GlobalSection(ExtensibilityGlobals) = postSolution
		SolutionGuid = {DE6B22C8-0A40-4B06-BFC8-3D9C23F30842}
	EndGlobalSection
EndGlobal
